
Microsoft Visual Studio Solution File, Format Version 12.00
# Visual Studio 15
VisualStudioVersion = 15.0.26403.7
MinimumVisualStudioVersion = 10.0.40219.1
Project("{FAE04EC0-301F-11D3-BF4B-00C04F79EFBC}") = "Practicum4", "Practicum4\Practicum4.csproj", "{FC7353CD-B4A4-4D53-A745-BA65F3AC185F}"
EndProject
Global
	GlobalSection(SolutionConfigurationPlatforms) = preSolution
		Debug|Any CPU = Debug|Any CPU
		Release|Any CPU = Release|Any CPU
	EndGlobalSection
	GlobalSection(ProjectConfigurationPlatforms) = postSolution
		{FC7353CD-B4A4-4D53-A745-BA65F3AC185F}.Debug|Any CPU.ActiveCfg = Debug|Any CPU
		{FC7353CD-B4A4-4D53-A745-BA65F3AC185F}.Debug|Any CPU.Build.0 = Debug|Any CPU
		{FC7353CD-B4A4-4D53-A745-BA65F3AC185F}.Release|Any CPU.ActiveCfg = Release|Any CPU
		{FC7353CD-B4A4-4D53-A745-BA65F3AC185F}.Release|Any CPU.Build.0 = Release|Any CPU
	EndGlobalSection
	GlobalSection(SolutionProperties) = preSolution
		HideSolutionNode = FALSE
	EndGlobalSection
EndGlobal
